// !$*UTF8*$!
{
	archiveVersion = 1;
	classes = {
	};
	objectVersion = 50;
	objects = {

/* Begin PBXBuildFile section */
		3D5DC6D321A1A6CD00FBC532 /* GradientView.swift in Sources */ = {isa = PBXBuildFile; fileRef = 3D5DC6D221A1A6CD00FBC532 /* GradientView.swift */; };
		3D5DC6D921A1AE9C00FBC532 /* LocationsStorageManager.swift in Sources */ = {isa = PBXBuildFile; fileRef = 3D5DC6D821A1AE9C00FBC532 /* LocationsStorageManager.swift */; };
		3D5DC6DC21A1AECA00FBC532 /* PlaceModel.swift in Sources */ = {isa = PBXBuildFile; fileRef = 3D5DC6DB21A1AECA00FBC532 /* PlaceModel.swift */; };
		3D5DC6DF21A1AF6C00FBC532 /* CoreDataService.swift in Sources */ = {isa = PBXBuildFile; fileRef = 3D5DC6DE21A1AF6C00FBC532 /* CoreDataService.swift */; };
		3D5DC6E221A1B65300FBC532 /* RoundedTableView.swift in Sources */ = {isa = PBXBuildFile; fileRef = 3D5DC6E121A1B65300FBC532 /* RoundedTableView.swift */; };
		3D5DC6E621A1B8B500FBC532 /* LocationTableViewCell.swift in Sources */ = {isa = PBXBuildFile; fileRef = 3D5DC6E421A1B8B500FBC532 /* LocationTableViewCell.swift */; };
		3D5DC6E921A1B90000FBC532 /* RoundedView.swift in Sources */ = {isa = PBXBuildFile; fileRef = 3D5DC6E821A1B90000FBC532 /* RoundedView.swift */; };
		3D5DC6EE21A1E10900FBC532 /* ForecastAPIManager.swift in Sources */ = {isa = PBXBuildFile; fileRef = 3D5DC6ED21A1E10900FBC532 /* ForecastAPIManager.swift */; };
		3D5DC6F121A1E22900FBC532 /* WeatherItem.swift in Sources */ = {isa = PBXBuildFile; fileRef = 3D5DC6F021A1E22900FBC532 /* WeatherItem.swift */; };
		3D5DC6F321A1E25000FBC532 /* WeatherRequestResult.swift in Sources */ = {isa = PBXBuildFile; fileRef = 3D5DC6F221A1E25000FBC532 /* WeatherRequestResult.swift */; };
		3D5DC6F521A1E53300FBC532 /* WeatherDetailViewController.swift in Sources */ = {isa = PBXBuildFile; fileRef = 3D5DC6F421A1E53200FBC532 /* WeatherDetailViewController.swift */; };
		3D5DC6F721A1E95800FBC532 /* Int.swift in Sources */ = {isa = PBXBuildFile; fileRef = 3D5DC6F621A1E95800FBC532 /* Int.swift */; };
		3D5DC6FB21A1FEFD00FBC532 /* WeatherCollectionViewCell.swift in Sources */ = {isa = PBXBuildFile; fileRef = 3D5DC6FA21A1FEFD00FBC532 /* WeatherCollectionViewCell.swift */; };
		3D5DC6FD21A1FF0D00FBC532 /* WeatherCollectionViewCell.xib in Resources */ = {isa = PBXBuildFile; fileRef = 3D5DC6FC21A1FF0D00FBC532 /* WeatherCollectionViewCell.xib */; };
		3D5DC6FF21A1FFC400FBC532 /* CollectionView.swift in Sources */ = {isa = PBXBuildFile; fileRef = 3D5DC6FE21A1FFC400FBC532 /* CollectionView.swift */; };
		3D5DC70121A206CC00FBC532 /* String.swift in Sources */ = {isa = PBXBuildFile; fileRef = 3D5DC70021A206CC00FBC532 /* String.swift */; };
		3D9A6FAB21A2DC3F00672F82 /* SettingsModel.swift in Sources */ = {isa = PBXBuildFile; fileRef = 3D9A6FAA21A2DC3F00672F82 /* SettingsModel.swift */; };
		3D9A6FAD21A2DF0200672F82 /* SettingsManager.swift in Sources */ = {isa = PBXBuildFile; fileRef = 3D9A6FAC21A2DF0200672F82 /* SettingsManager.swift */; };
		3D9A6FAF21A2DFFF00672F82 /* SettingsViewController.swift in Sources */ = {isa = PBXBuildFile; fileRef = 3D9A6FAE21A2DFFF00672F82 /* SettingsViewController.swift */; };
		3D9A6FB121A2EDC900672F82 /* String+Localization.swift in Sources */ = {isa = PBXBuildFile; fileRef = 3D9A6FB021A2EDC900672F82 /* String+Localization.swift */; };
		3D9A6FB621A2EF3E00672F82 /* ForecastAppLocalizableUA.strings in Resources */ = {isa = PBXBuildFile; fileRef = 3D9A6FB521A2EF3E00672F82 /* ForecastAppLocalizableUA.strings */; };
		3D9A6FB821A2FBB900672F82 /* Double.swift in Sources */ = {isa = PBXBuildFile; fileRef = 3D9A6FB721A2FBB900672F82 /* Double.swift */; };
		3DEAB59221A1A00900A0023C /* AppDelegate.swift in Sources */ = {isa = PBXBuildFile; fileRef = 3DEAB59121A1A00900A0023C /* AppDelegate.swift */; };
		3DEAB59421A1A00900A0023C /* ViewController.swift in Sources */ = {isa = PBXBuildFile; fileRef = 3DEAB59321A1A00900A0023C /* ViewController.swift */; };
		3DEAB59721A1A00900A0023C /* Main.storyboard in Resources */ = {isa = PBXBuildFile; fileRef = 3DEAB59521A1A00900A0023C /* Main.storyboard */; };
		3DEAB59A21A1A00900A0023C /* ForecastApp.xcdatamodeld in Sources */ = {isa = PBXBuildFile; fileRef = 3DEAB59821A1A00900A0023C /* ForecastApp.xcdatamodeld */; };
		3DEAB59C21A1A00C00A0023C /* Assets.xcassets in Resources */ = {isa = PBXBuildFile; fileRef = 3DEAB59B21A1A00C00A0023C /* Assets.xcassets */; };
		3DEAB59F21A1A00C00A0023C /* LaunchScreen.storyboard in Resources */ = {isa = PBXBuildFile; fileRef = 3DEAB59D21A1A00C00A0023C /* LaunchScreen.storyboard */; };
		3DEAB5A921A1A54E00A0023C /* View.swift in Sources */ = {isa = PBXBuildFile; fileRef = 3DEAB5A821A1A54E00A0023C /* View.swift */; };
		3DEAB5AB21A1A58400A0023C /* TableView.swift in Sources */ = {isa = PBXBuildFile; fileRef = 3DEAB5AA21A1A58400A0023C /* TableView.swift */; };
		3DEAB5AD21A1A5BB00A0023C /* BaseViewController.swift in Sources */ = {isa = PBXBuildFile; fileRef = 3DEAB5AC21A1A5BB00A0023C /* BaseViewController.swift */; };
		3DEAB5AF21A1A5EB00A0023C /* RoundedButton.swift in Sources */ = {isa = PBXBuildFile; fileRef = 3DEAB5AE21A1A5EB00A0023C /* RoundedButton.swift */; };
		F2B548F5AC74C44E9091455C /* Pods_ForecastApp.framework in Frameworks */ = {isa = PBXBuildFile; fileRef = 637F8FF6BE4979E8FD61CAEF /* Pods_ForecastApp.framework */; };
/* End PBXBuildFile section */

/* Begin PBXFileReference section */
		3D5DC6D221A1A6CD00FBC532 /* GradientView.swift */ = {isa = PBXFileReference; lastKnownFileType = sourcecode.swift; path = GradientView.swift; sourceTree = "<group>"; };
		3D5DC6D821A1AE9C00FBC532 /* LocationsStorageManager.swift */ = {isa = PBXFileReference; lastKnownFileType = sourcecode.swift; path = LocationsStorageManager.swift; sourceTree = "<group>"; };
		3D5DC6DB21A1AECA00FBC532 /* PlaceModel.swift */ = {isa = PBXFileReference; lastKnownFileType = sourcecode.swift; path = PlaceModel.swift; sourceTree = "<group>"; };
		3D5DC6DE21A1AF6C00FBC532 /* CoreDataService.swift */ = {isa = PBXFileReference; lastKnownFileType = sourcecode.swift; path = CoreDataService.swift; sourceTree = "<group>"; };
		3D5DC6E121A1B65300FBC532 /* RoundedTableView.swift */ = {isa = PBXFileReference; lastKnownFileType = sourcecode.swift; path = RoundedTableView.swift; sourceTree = "<group>"; };
		3D5DC6E421A1B8B500FBC532 /* LocationTableViewCell.swift */ = {isa = PBXFileReference; lastKnownFileType = sourcecode.swift; path = LocationTableViewCell.swift; sourceTree = "<group>"; };
		3D5DC6E821A1B90000FBC532 /* RoundedView.swift */ = {isa = PBXFileReference; lastKnownFileType = sourcecode.swift; path = RoundedView.swift; sourceTree = "<group>"; };
		3D5DC6ED21A1E10900FBC532 /* ForecastAPIManager.swift */ = {isa = PBXFileReference; lastKnownFileType = sourcecode.swift; path = ForecastAPIManager.swift; sourceTree = "<group>"; };
		3D5DC6F021A1E22900FBC532 /* WeatherItem.swift */ = {isa = PBXFileReference; lastKnownFileType = sourcecode.swift; path = WeatherItem.swift; sourceTree = "<group>"; };
		3D5DC6F221A1E25000FBC532 /* WeatherRequestResult.swift */ = {isa = PBXFileReference; lastKnownFileType = sourcecode.swift; path = WeatherRequestResult.swift; sourceTree = "<group>"; };
		3D5DC6F421A1E53200FBC532 /* WeatherDetailViewController.swift */ = {isa = PBXFileReference; lastKnownFileType = sourcecode.swift; path = WeatherDetailViewController.swift; sourceTree = "<group>"; };
		3D5DC6F621A1E95800FBC532 /* Int.swift */ = {isa = PBXFileReference; lastKnownFileType = sourcecode.swift; path = Int.swift; sourceTree = "<group>"; };
		3D5DC6FA21A1FEFD00FBC532 /* WeatherCollectionViewCell.swift */ = {isa = PBXFileReference; lastKnownFileType = sourcecode.swift; path = WeatherCollectionViewCell.swift; sourceTree = "<group>"; };
		3D5DC6FC21A1FF0D00FBC532 /* WeatherCollectionViewCell.xib */ = {isa = PBXFileReference; lastKnownFileType = file.xib; path = WeatherCollectionViewCell.xib; sourceTree = "<group>"; };
		3D5DC6FE21A1FFC400FBC532 /* CollectionView.swift */ = {isa = PBXFileReference; lastKnownFileType = sourcecode.swift; path = CollectionView.swift; sourceTree = "<group>"; };
		3D5DC70021A206CC00FBC532 /* String.swift */ = {isa = PBXFileReference; lastKnownFileType = sourcecode.swift; path = String.swift; sourceTree = "<group>"; };
		3D9A6FAA21A2DC3F00672F82 /* SettingsModel.swift */ = {isa = PBXFileReference; lastKnownFileType = sourcecode.swift; path = SettingsModel.swift; sourceTree = "<group>"; };
		3D9A6FAC21A2DF0200672F82 /* SettingsManager.swift */ = {isa = PBXFileReference; lastKnownFileType = sourcecode.swift; path = SettingsManager.swift; sourceTree = "<group>"; };
		3D9A6FAE21A2DFFF00672F82 /* SettingsViewController.swift */ = {isa = PBXFileReference; lastKnownFileType = sourcecode.swift; path = SettingsViewController.swift; sourceTree = "<group>"; };
		3D9A6FB021A2EDC900672F82 /* String+Localization.swift */ = {isa = PBXFileReference; lastKnownFileType = sourcecode.swift; path = "String+Localization.swift"; sourceTree = "<group>"; };
		3D9A6FB521A2EF3E00672F82 /* ForecastAppLocalizableUA.strings */ = {isa = PBXFileReference; lastKnownFileType = text.plist.strings; path = ForecastAppLocalizableUA.strings; sourceTree = "<group>"; };
		3D9A6FB721A2FBB900672F82 /* Double.swift */ = {isa = PBXFileReference; lastKnownFileType = sourcecode.swift; path = Double.swift; sourceTree = "<group>"; };
		3DEAB58E21A1A00900A0023C /* ForecastApp.app */ = {isa = PBXFileReference; explicitFileType = wrapper.application; includeInIndex = 0; path = ForecastApp.app; sourceTree = BUILT_PRODUCTS_DIR; };
		3DEAB59121A1A00900A0023C /* AppDelegate.swift */ = {isa = PBXFileReference; lastKnownFileType = sourcecode.swift; path = AppDelegate.swift; sourceTree = "<group>"; };
		3DEAB59321A1A00900A0023C /* ViewController.swift */ = {isa = PBXFileReference; lastKnownFileType = sourcecode.swift; path = ViewController.swift; sourceTree = "<group>"; };
		3DEAB59621A1A00900A0023C /* Base */ = {isa = PBXFileReference; lastKnownFileType = file.storyboard; name = Base; path = Base.lproj/Main.storyboard; sourceTree = "<group>"; };
		3DEAB59921A1A00900A0023C /* ForecastApp.xcdatamodel */ = {isa = PBXFileReference; lastKnownFileType = wrapper.xcdatamodel; path = ForecastApp.xcdatamodel; sourceTree = "<group>"; };
		3DEAB59B21A1A00C00A0023C /* Assets.xcassets */ = {isa = PBXFileReference; lastKnownFileType = folder.assetcatalog; path = Assets.xcassets; sourceTree = "<group>"; };
		3DEAB59E21A1A00C00A0023C /* Base */ = {isa = PBXFileReference; lastKnownFileType = file.storyboard; name = Base; path = Base.lproj/LaunchScreen.storyboard; sourceTree = "<group>"; };
		3DEAB5A021A1A00C00A0023C /* Info.plist */ = {isa = PBXFileReference; lastKnownFileType = text.plist.xml; path = Info.plist; sourceTree = "<group>"; };
		3DEAB5A821A1A54E00A0023C /* View.swift */ = {isa = PBXFileReference; lastKnownFileType = sourcecode.swift; path = View.swift; sourceTree = "<group>"; };
		3DEAB5AA21A1A58400A0023C /* TableView.swift */ = {isa = PBXFileReference; lastKnownFileType = sourcecode.swift; path = TableView.swift; sourceTree = "<group>"; };
		3DEAB5AC21A1A5BB00A0023C /* BaseViewController.swift */ = {isa = PBXFileReference; lastKnownFileType = sourcecode.swift; path = BaseViewController.swift; sourceTree = "<group>"; };
		3DEAB5AE21A1A5EB00A0023C /* RoundedButton.swift */ = {isa = PBXFileReference; lastKnownFileType = sourcecode.swift; path = RoundedButton.swift; sourceTree = "<group>"; };
		4582194EC29ED03E04993013 /* Pods-ForecastApp.release.xcconfig */ = {isa = PBXFileReference; includeInIndex = 1; lastKnownFileType = text.xcconfig; name = "Pods-ForecastApp.release.xcconfig"; path = "Pods/Target Support Files/Pods-ForecastApp/Pods-ForecastApp.release.xcconfig"; sourceTree = "<group>"; };
		637F8FF6BE4979E8FD61CAEF /* Pods_ForecastApp.framework */ = {isa = PBXFileReference; explicitFileType = wrapper.framework; includeInIndex = 0; path = Pods_ForecastApp.framework; sourceTree = BUILT_PRODUCTS_DIR; };
		9DCA92B0FD447C40525194BC /* Pods-ForecastApp.debug.xcconfig */ = {isa = PBXFileReference; includeInIndex = 1; lastKnownFileType = text.xcconfig; name = "Pods-ForecastApp.debug.xcconfig"; path = "Pods/Target Support Files/Pods-ForecastApp/Pods-ForecastApp.debug.xcconfig"; sourceTree = "<group>"; };
/* End PBXFileReference section */

/* Begin PBXFrameworksBuildPhase section */
		3DEAB58B21A1A00900A0023C /* Frameworks */ = {
			isa = PBXFrameworksBuildPhase;
			buildActionMask = 2147483647;
			files = (
				F2B548F5AC74C44E9091455C /* Pods_ForecastApp.framework in Frameworks */,
			);
			runOnlyForDeploymentPostprocessing = 0;
		};
/* End PBXFrameworksBuildPhase section */

/* Begin PBXGroup section */
		3D5DC6D721A1AE4D00FBC532 /* Managers */ = {
			isa = PBXGroup;
			children = (
				3D5DC6D821A1AE9C00FBC532 /* LocationsStorageManager.swift */,
				3D5DC6ED21A1E10900FBC532 /* ForecastAPIManager.swift */,
			);
			path = Managers;
			sourceTree = "<group>";
		};
		3D5DC6DA21A1AEB500FBC532 /* Data Models */ = {
			isa = PBXGroup;
			children = (
				3D5DC6DB21A1AECA00FBC532 /* PlaceModel.swift */,
			);
			path = "Data Models";
			sourceTree = "<group>";
		};
		3D5DC6DD21A1AF5600FBC532 /* Database */ = {
			isa = PBXGroup;
			children = (
				3DEAB59821A1A00900A0023C /* ForecastApp.xcdatamodeld */,
				3D5DC6DE21A1AF6C00FBC532 /* CoreDataService.swift */,
			);
			path = Database;
			sourceTree = "<group>";
		};
		3D5DC6E321A1B86600FBC532 /* LocationTableViewCell */ = {
			isa = PBXGroup;
			children = (
				3D5DC6E421A1B8B500FBC532 /* LocationTableViewCell.swift */,
			);
			path = LocationTableViewCell;
			sourceTree = "<group>";
		};
		3D5DC6EF21A1E1F200FBC532 /* Models */ = {
			isa = PBXGroup;
			children = (
				3D5DC6F021A1E22900FBC532 /* WeatherItem.swift */,
				3D5DC6F221A1E25000FBC532 /* WeatherRequestResult.swift */,
			);
			path = Models;
			sourceTree = "<group>";
		};
		3D5DC6F921A1FED200FBC532 /* WeatherCollectionViewCell */ = {
			isa = PBXGroup;
			children = (
				3D5DC6FA21A1FEFD00FBC532 /* WeatherCollectionViewCell.swift */,
				3D5DC6FC21A1FF0D00FBC532 /* WeatherCollectionViewCell.xib */,
			);
			path = WeatherCollectionViewCell;
			sourceTree = "<group>";
		};
		3D9A6FA921A2DC2500672F82 /* Settings */ = {
			isa = PBXGroup;
			children = (
				3D9A6FAA21A2DC3F00672F82 /* SettingsModel.swift */,
				3D9A6FAC21A2DF0200672F82 /* SettingsManager.swift */,
				3D9A6FAE21A2DFFF00672F82 /* SettingsViewController.swift */,
			);
			path = Settings;
			sourceTree = "<group>";
		};
		3D9A6FB421A2EF1900672F82 /* Resource */ = {
			isa = PBXGroup;
			children = (
				3D9A6FB521A2EF3E00672F82 /* ForecastAppLocalizableUA.strings */,
			);
			path = Resource;
			sourceTree = "<group>";
		};
		3DEAB58521A1A00900A0023C = {
			isa = PBXGroup;
			children = (
				3DEAB59021A1A00900A0023C /* ForecastApp */,
				3DEAB58F21A1A00900A0023C /* Products */,
				5012100AAD11E18489C4FDAA /* Pods */,
				E26538E64AF767B5BBA07C63 /* Frameworks */,
			);
			sourceTree = "<group>";
		};
		3DEAB58F21A1A00900A0023C /* Products */ = {
			isa = PBXGroup;
			children = (
				3DEAB58E21A1A00900A0023C /* ForecastApp.app */,
			);
			name = Products;
			sourceTree = "<group>";
		};
		3DEAB59021A1A00900A0023C /* ForecastApp */ = {
			isa = PBXGroup;
			children = (
				3D9A6FB421A2EF1900672F82 /* Resource */,
				3D9A6FA921A2DC2500672F82 /* Settings */,
				3D5DC6F921A1FED200FBC532 /* WeatherCollectionViewCell */,
				3D5DC6EF21A1E1F200FBC532 /* Models */,
				3D5DC6E321A1B86600FBC532 /* LocationTableViewCell */,
				3D5DC6DD21A1AF5600FBC532 /* Database */,
				3D5DC6DA21A1AEB500FBC532 /* Data Models */,
				3D5DC6D721A1AE4D00FBC532 /* Managers */,
				3DEAB5A721A1A51600A0023C /* BaseView */,
				3DEAB5A621A1A4FA00A0023C /* Extensions */,
				3DEAB59121A1A00900A0023C /* AppDelegate.swift */,
				3DEAB59321A1A00900A0023C /* ViewController.swift */,
				3D5DC6F421A1E53200FBC532 /* WeatherDetailViewController.swift */,
				3DEAB59521A1A00900A0023C /* Main.storyboard */,
				3DEAB59B21A1A00C00A0023C /* Assets.xcassets */,
				3DEAB59D21A1A00C00A0023C /* LaunchScreen.storyboard */,
				3DEAB5A021A1A00C00A0023C /* Info.plist */,
			);
			path = ForecastApp;
			sourceTree = "<group>";
		};
		3DEAB5A621A1A4FA00A0023C /* Extensions */ = {
			isa = PBXGroup;
			children = (
				3DEAB5A821A1A54E00A0023C /* View.swift */,
				3DEAB5AA21A1A58400A0023C /* TableView.swift */,
				3D5DC6F621A1E95800FBC532 /* Int.swift */,
				3D5DC6FE21A1FFC400FBC532 /* CollectionView.swift */,
				3D5DC70021A206CC00FBC532 /* String.swift */,
				3D9A6FB021A2EDC900672F82 /* String+Localization.swift */,
				3D9A6FB721A2FBB900672F82 /* Double.swift */,
			);
			path = Extensions;
			sourceTree = "<group>";
		};
		3DEAB5A721A1A51600A0023C /* BaseView */ = {
			isa = PBXGroup;
			children = (
				3DEAB5AC21A1A5BB00A0023C /* BaseViewController.swift */,
				3DEAB5AE21A1A5EB00A0023C /* RoundedButton.swift */,
				3D5DC6D221A1A6CD00FBC532 /* GradientView.swift */,
				3D5DC6E121A1B65300FBC532 /* RoundedTableView.swift */,
				3D5DC6E821A1B90000FBC532 /* RoundedView.swift */,
			);
			path = BaseView;
			sourceTree = "<group>";
		};
		5012100AAD11E18489C4FDAA /* Pods */ = {
			isa = PBXGroup;
			children = (
				9DCA92B0FD447C40525194BC /* Pods-ForecastApp.debug.xcconfig */,
				4582194EC29ED03E04993013 /* Pods-ForecastApp.release.xcconfig */,
			);
			name = Pods;
			sourceTree = "<group>";
		};
		E26538E64AF767B5BBA07C63 /* Frameworks */ = {
			isa = PBXGroup;
			children = (
				637F8FF6BE4979E8FD61CAEF /* Pods_ForecastApp.framework */,
			);
			name = Frameworks;
			sourceTree = "<group>";
		};
/* End PBXGroup section */

/* Begin PBXNativeTarget section */
		3DEAB58D21A1A00900A0023C /* ForecastApp */ = {
			isa = PBXNativeTarget;
			buildConfigurationList = 3DEAB5A321A1A00C00A0023C /* Build configuration list for PBXNativeTarget "ForecastApp" */;
			buildPhases = (
				7FC0740EC008484B2DCFC539 /* [CP] Check Pods Manifest.lock */,
				3DEAB58A21A1A00900A0023C /* Sources */,
				3DEAB58B21A1A00900A0023C /* Frameworks */,
				3DEAB58C21A1A00900A0023C /* Resources */,
				93B0C5962F55693BA3F6CFFF /* [CP] Embed Pods Frameworks */,
				5082FD0254DB59DFA4EF2AC1 /* [CP] Copy Pods Resources */,
			);
			buildRules = (
			);
			dependencies = (
			);
			name = ForecastApp;
			productName = ForecastApp;
			productReference = 3DEAB58E21A1A00900A0023C /* ForecastApp.app */;
			productType = "com.apple.product-type.application";
		};
/* End PBXNativeTarget section */

/* Begin PBXProject section */
		3DEAB58621A1A00900A0023C /* Project object */ = {
			isa = PBXProject;
			attributes = {
				LastSwiftUpdateCheck = 1010;
				LastUpgradeCheck = 1010;
				ORGANIZATIONNAME = "Bohdan Dankovych";
				TargetAttributes = {
					3DEAB58D21A1A00900A0023C = {
						CreatedOnToolsVersion = 10.1;
					};
				};
			};
			buildConfigurationList = 3DEAB58921A1A00900A0023C /* Build configuration list for PBXProject "ForecastApp" */;
			compatibilityVersion = "Xcode 9.3";
			developmentRegion = en;
			hasScannedForEncodings = 0;
			knownRegions = (
				Base,
			);
			mainGroup = 3DEAB58521A1A00900A0023C;
			productRefGroup = 3DEAB58F21A1A00900A0023C /* Products */;
			projectDirPath = "";
			projectRoot = "";
			targets = (
				3DEAB58D21A1A00900A0023C /* ForecastApp */,
			);
		};
/* End PBXProject section */

/* Begin PBXResourcesBuildPhase section */
		3DEAB58C21A1A00900A0023C /* Resources */ = {
			isa = PBXResourcesBuildPhase;
			buildActionMask = 2147483647;
			files = (
				3DEAB59F21A1A00C00A0023C /* LaunchScreen.storyboard in Resources */,
				3D9A6FB621A2EF3E00672F82 /* ForecastAppLocalizableUA.strings in Resources */,
				3D5DC6FD21A1FF0D00FBC532 /* WeatherCollectionViewCell.xib in Resources */,
				3DEAB59C21A1A00C00A0023C /* Assets.xcassets in Resources */,
				3DEAB59721A1A00900A0023C /* Main.storyboard in Resources */,
			);
			runOnlyForDeploymentPostprocessing = 0;
		};
/* End PBXResourcesBuildPhase section */

/* Begin PBXShellScriptBuildPhase section */
		5082FD0254DB59DFA4EF2AC1 /* [CP] Copy Pods Resources */ = {
			isa = PBXShellScriptBuildPhase;
			buildActionMask = 2147483647;
			files = (
			);
			inputFileListPaths = (
			);
			inputPaths = (
				"${SRCROOT}/Pods/Target Support Files/Pods-ForecastApp/Pods-ForecastApp-resources.sh",
				"${PODS_ROOT}/GooglePlaces/Frameworks/GooglePlaces.framework/Resources/GooglePlaces.bundle",
			);
			name = "[CP] Copy Pods Resources";
			outputFileListPaths = (
			);
			outputPaths = (
				"${TARGET_BUILD_DIR}/${UNLOCALIZED_RESOURCES_FOLDER_PATH}/GooglePlaces.bundle",
			);
			runOnlyForDeploymentPostprocessing = 0;
			shellPath = /bin/sh;
			shellScript = "\"${SRCROOT}/Pods/Target Support Files/Pods-ForecastApp/Pods-ForecastApp-resources.sh\"\n";
			showEnvVarsInLog = 0;
		};
		7FC0740EC008484B2DCFC539 /* [CP] Check Pods Manifest.lock */ = {
			isa = PBXShellScriptBuildPhase;
			buildActionMask = 2147483647;
			files = (
			);
			inputFileListPaths = (
			);
			inputPaths = (
				"${PODS_PODFILE_DIR_PATH}/Podfile.lock",
				"${PODS_ROOT}/Manifest.lock",
			);
			name = "[CP] Check Pods Manifest.lock";
			outputFileListPaths = (
			);
			outputPaths = (
				"$(DERIVED_FILE_DIR)/Pods-ForecastApp-checkManifestLockResult.txt",
			);
			runOnlyForDeploymentPostprocessing = 0;
			shellPath = /bin/sh;
			shellScript = "diff \"${PODS_PODFILE_DIR_PATH}/Podfile.lock\" \"${PODS_ROOT}/Manifest.lock\" > /dev/null\nif [ $? != 0 ] ; then\n    # print error to STDERR\n    echo \"error: The sandbox is not in sync with the Podfile.lock. Run 'pod install' or update your CocoaPods installation.\" >&2\n    exit 1\nfi\n# This output is used by Xcode 'outputs' to avoid re-running this script phase.\necho \"SUCCESS\" > \"${SCRIPT_OUTPUT_FILE_0}\"\n";
			showEnvVarsInLog = 0;
		};
		93B0C5962F55693BA3F6CFFF /* [CP] Embed Pods Frameworks */ = {
			isa = PBXShellScriptBuildPhase;
			buildActionMask = 2147483647;
			files = (
			);
			inputFileListPaths = (
			);
			inputPaths = (
				"${SRCROOT}/Pods/Target Support Files/Pods-ForecastApp/Pods-ForecastApp-frameworks.sh",
				"${BUILT_PRODUCTS_DIR}/Alamofire/Alamofire.framework",
				"${BUILT_PRODUCTS_DIR}/LatLongToTimezone/LatLongToTimezone.framework",
				"${BUILT_PRODUCTS_DIR}/ObjectMapper/ObjectMapper.framework",
			);
			name = "[CP] Embed Pods Frameworks";
			outputFileListPaths = (
			);
			outputPaths = (
				"${TARGET_BUILD_DIR}/${FRAMEWORKS_FOLDER_PATH}/Alamofire.framework",
				"${TARGET_BUILD_DIR}/${FRAMEWORKS_FOLDER_PATH}/LatLongToTimezone.framework",
				"${TARGET_BUILD_DIR}/${FRAMEWORKS_FOLDER_PATH}/ObjectMapper.framework",
			);
			runOnlyForDeploymentPostprocessing = 0;
			shellPath = /bin/sh;
			shellScript = "\"${SRCROOT}/Pods/Target Support Files/Pods-ForecastApp/Pods-ForecastApp-frameworks.sh\"\n";
			showEnvVarsInLog = 0;
		};
/* End PBXShellScriptBuildPhase section */

/* Begin PBXSourcesBuildPhase section */
		3DEAB58A21A1A00900A0023C /* Sources */ = {
			isa = PBXSourcesBuildPhase;
			buildActionMask = 2147483647;
			files = (
				3D5DC6F521A1E53300FBC532 /* WeatherDetailViewController.swift in Sources */,
				3D9A6FB121A2EDC900672F82 /* String+Localization.swift in Sources */,
				3DEAB5A921A1A54E00A0023C /* View.swift in Sources */,
				3D5DC6F721A1E95800FBC532 /* Int.swift in Sources */,
				3DEAB5AB21A1A58400A0023C /* TableView.swift in Sources */,
				3D5DC6E921A1B90000FBC532 /* RoundedView.swift in Sources */,
				3D5DC6FB21A1FEFD00FBC532 /* WeatherCollectionViewCell.swift in Sources */,
				3D9A6FB821A2FBB900672F82 /* Double.swift in Sources */,
				3DEAB59A21A1A00900A0023C /* ForecastApp.xcdatamodeld in Sources */,
				3DEAB59421A1A00900A0023C /* ViewController.swift in Sources */,
				3D9A6FAF21A2DFFF00672F82 /* SettingsViewController.swift in Sources */,
				3D5DC6D921A1AE9C00FBC532 /* LocationsStorageManager.swift in Sources */,
				3D5DC6FF21A1FFC400FBC532 /* CollectionView.swift in Sources */,
				3D5DC6E621A1B8B500FBC532 /* LocationTableViewCell.swift in Sources */,
				3DEAB5AF21A1A5EB00A0023C /* RoundedButton.swift in Sources */,
				3D9A6FAB21A2DC3F00672F82 /* SettingsModel.swift in Sources */,
				3D5DC70121A206CC00FBC532 /* String.swift in Sources */,
				3DEAB59221A1A00900A0023C /* AppDelegate.swift in Sources */,
				3D5DC6DC21A1AECA00FBC532 /* PlaceModel.swift in Sources */,
				3D5DC6DF21A1AF6C00FBC532 /* CoreDataService.swift in Sources */,
				3D5DC6F121A1E22900FBC532 /* WeatherItem.swift in Sources */,
				3D5DC6E221A1B65300FBC532 /* RoundedTableView.swift in Sources */,
				3D5DC6EE21A1E10900FBC532 /* ForecastAPIManager.swift in Sources */,
				3D9A6FAD21A2DF0200672F82 /* SettingsManager.swift in Sources */,
				3D5DC6D321A1A6CD00FBC532 /* GradientView.swift in Sources */,
				3DEAB5AD21A1A5BB00A0023C /* BaseViewController.swift in Sources */,
				3D5DC6F321A1E25000FBC532 /* WeatherRequestResult.swift in Sources */,
			);
			runOnlyForDeploymentPostprocessing = 0;
		};
/* End PBXSourcesBuildPhase section */

/* Begin PBXVariantGroup section */
		3DEAB59521A1A00900A0023C /* Main.storyboard */ = {
			isa = PBXVariantGroup;
			children = (
				3DEAB59621A1A00900A0023C /* Base */,
			);
			name = Main.storyboard;
			sourceTree = "<group>";
		};
		3DEAB59D21A1A00C00A0023C /* LaunchScreen.storyboard */ = {
			isa = PBXVariantGroup;
			children = (
				3DEAB59E21A1A00C00A0023C /* Base */,
			);
			name = LaunchScreen.storyboard;
			sourceTree = "<group>";
		};
/* End PBXVariantGroup section */

/* Begin XCBuildConfiguration section */
		3DEAB5A121A1A00C00A0023C /* Debug */ = {
			isa = XCBuildConfiguration;
			buildSettings = {
				ALWAYS_SEARCH_USER_PATHS = NO;
				CLANG_ANALYZER_NONNULL = YES;
				CLANG_ANALYZER_NUMBER_OBJECT_CONVERSION = YES_AGGRESSIVE;
				CLANG_CXX_LANGUAGE_STANDARD = "gnu++14";
				CLANG_CXX_LIBRARY = "libc++";
				CLANG_ENABLE_MODULES = YES;
				CLANG_ENABLE_OBJC_ARC = YES;
				CLANG_ENABLE_OBJC_WEAK = YES;
				CLANG_WARN_BLOCK_CAPTURE_AUTORELEASING = YES;
				CLANG_WARN_BOOL_CONVERSION = YES;
				CLANG_WARN_COMMA = YES;
				CLANG_WARN_CONSTANT_CONVERSION = YES;
				CLANG_WARN_DEPRECATED_OBJC_IMPLEMENTATIONS = YES;
				CLANG_WARN_DIRECT_OBJC_ISA_USAGE = YES_ERROR;
				CLANG_WARN_DOCUMENTATION_COMMENTS = YES;
				CLANG_WARN_EMPTY_BODY = YES;
				CLANG_WARN_ENUM_CONVERSION = YES;
				CLANG_WARN_INFINITE_RECURSION = YES;
				CLANG_WARN_INT_CONVERSION = YES;
				CLANG_WARN_NON_LITERAL_NULL_CONVERSION = YES;
				CLANG_WARN_OBJC_IMPLICIT_RETAIN_SELF = YES;
				CLANG_WARN_OBJC_LITERAL_CONVERSION = YES;
				CLANG_WARN_OBJC_ROOT_CLASS = YES_ERROR;
				CLANG_WARN_RANGE_LOOP_ANALYSIS = YES;
				CLANG_WARN_STRICT_PROTOTYPES = YES;
				CLANG_WARN_SUSPICIOUS_MOVE = YES;
				CLANG_WARN_UNGUARDED_AVAILABILITY = YES_AGGRESSIVE;
				CLANG_WARN_UNREACHABLE_CODE = YES;
				CLANG_WARN__DUPLICATE_METHOD_MATCH = YES;
				CODE_SIGN_IDENTITY = "iPhone Developer";
				COPY_PHASE_STRIP = NO;
				DEBUG_INFORMATION_FORMAT = dwarf;
				ENABLE_STRICT_OBJC_MSGSEND = YES;
				ENABLE_TESTABILITY = YES;
				GCC_C_LANGUAGE_STANDARD = gnu11;
				GCC_DYNAMIC_NO_PIC = NO;
				GCC_NO_COMMON_BLOCKS = YES;
				GCC_OPTIMIZATION_LEVEL = 0;
				GCC_PREPROCESSOR_DEFINITIONS = (
					"DEBUG=1",
					"$(inherited)",
				);
				GCC_WARN_64_TO_32_BIT_CONVERSION = YES;
				GCC_WARN_ABOUT_RETURN_TYPE = YES_ERROR;
				GCC_WARN_UNDECLARED_SELECTOR = YES;
				GCC_WARN_UNINITIALIZED_AUTOS = YES_AGGRESSIVE;
				GCC_WARN_UNUSED_FUNCTION = YES;
				GCC_WARN_UNUSED_VARIABLE = YES;
				IPHONEOS_DEPLOYMENT_TARGET = 11.0;
				MTL_ENABLE_DEBUG_INFO = INCLUDE_SOURCE;
				MTL_FAST_MATH = YES;
				ONLY_ACTIVE_ARCH = YES;
				SDKROOT = iphoneos;
				SWIFT_ACTIVE_COMPILATION_CONDITIONS = DEBUG;
				SWIFT_OPTIMIZATION_LEVEL = "-Onone";
			};
			name = Debug;
		};
		3DEAB5A221A1A00C00A0023C /* Release */ = {
			isa = XCBuildConfiguration;
			buildSettings = {
				ALWAYS_SEARCH_USER_PATHS = NO;
				CLANG_ANALYZER_NONNULL = YES;
				CLANG_ANALYZER_NUMBER_OBJECT_CONVERSION = YES_AGGRESSIVE;
				CLANG_CXX_LANGUAGE_STANDARD = "gnu++14";
				CLANG_CXX_LIBRARY = "libc++";
				CLANG_ENABLE_MODULES = YES;
				CLANG_ENABLE_OBJC_ARC = YES;
				CLANG_ENABLE_OBJC_WEAK = YES;
				CLANG_WARN_BLOCK_CAPTURE_AUTORELEASING = YES;
				CLANG_WARN_BOOL_CONVERSION = YES;
				CLANG_WARN_COMMA = YES;
				CLANG_WARN_CONSTANT_CONVERSION = YES;
				CLANG_WARN_DEPRECATED_OBJC_IMPLEMENTATIONS = YES;
				CLANG_WARN_DIRECT_OBJC_ISA_USAGE = YES_ERROR;
				CLANG_WARN_DOCUMENTATION_COMMENTS = YES;
				CLANG_WARN_EMPTY_BODY = YES;
				CLANG_WARN_ENUM_CONVERSION = YES;
				CLANG_WARN_INFINITE_RECURSION = YES;
				CLANG_WARN_INT_CONVERSION = YES;
				CLANG_WARN_NON_LITERAL_NULL_CONVERSION = YES;
				CLANG_WARN_OBJC_IMPLICIT_RETAIN_SELF = YES;
				CLANG_WARN_OBJC_LITERAL_CONVERSION = YES;
				CLANG_WARN_OBJC_ROOT_CLASS = YES_ERROR;
				CLANG_WARN_RANGE_LOOP_ANALYSIS = YES;
				CLANG_WARN_STRICT_PROTOTYPES = YES;
				CLANG_WARN_SUSPICIOUS_MOVE = YES;
				CLANG_WARN_UNGUARDED_AVAILABILITY = YES_AGGRESSIVE;
				CLANG_WARN_UNREACHABLE_CODE = YES;
				CLANG_WARN__DUPLICATE_METHOD_MATCH = YES;
				CODE_SIGN_IDENTITY = "iPhone Developer";
				COPY_PHASE_STRIP = NO;
				DEBUG_INFORMATION_FORMAT = "dwarf-with-dsym";
				ENABLE_NS_ASSERTIONS = NO;
				ENABLE_STRICT_OBJC_MSGSEND = YES;
				GCC_C_LANGUAGE_STANDARD = gnu11;
				GCC_NO_COMMON_BLOCKS = YES;
				GCC_WARN_64_TO_32_BIT_CONVERSION = YES;
				GCC_WARN_ABOUT_RETURN_TYPE = YES_ERROR;
				GCC_WARN_UNDECLARED_SELECTOR = YES;
				GCC_WARN_UNINITIALIZED_AUTOS = YES_AGGRESSIVE;
				GCC_WARN_UNUSED_FUNCTION = YES;
				GCC_WARN_UNUSED_VARIABLE = YES;
				IPHONEOS_DEPLOYMENT_TARGET = 11.0;
				MTL_ENABLE_DEBUG_INFO = NO;
				MTL_FAST_MATH = YES;
				SDKROOT = iphoneos;
				SWIFT_COMPILATION_MODE = wholemodule;
				SWIFT_OPTIMIZATION_LEVEL = "-O";
				VALIDATE_PRODUCT = YES;
			};
			name = Release;
		};
		3DEAB5A421A1A00C00A0023C /* Debug */ = {
			isa = XCBuildConfiguration;
			baseConfigurationReference = 9DCA92B0FD447C40525194BC /* Pods-ForecastApp.debug.xcconfig */;
			buildSettings = {
				ASSETCATALOG_COMPILER_APPICON_NAME = AppIcon;
				CODE_SIGN_STYLE = Automatic;
				DEVELOPMENT_TEAM = 5V2UR6Y3A9;
				INFOPLIST_FILE = ForecastApp/Info.plist;
				IPHONEOS_DEPLOYMENT_TARGET = 11.0;
				LD_RUNPATH_SEARCH_PATHS = (
					"$(inherited)",
					"@executable_path/Frameworks",
				);
				PRODUCT_BUNDLE_IDENTIFIER = com.bohdan.dankovych.ForecastApp;
				PRODUCT_NAME = "$(TARGET_NAME)";
				SWIFT_VERSION = 4.2;
				TARGETED_DEVICE_FAMILY = "1,2";
			};
			name = Debug;
		};
		3DEAB5A521A1A00C00A0023C /* Release */ = {
			isa = XCBuildConfiguration;
			baseConfigurationReference = 4582194EC29ED03E04993013 /* Pods-ForecastApp.release.xcconfig */;
			buildSettings = {
				ASSETCATALOG_COMPILER_APPICON_NAME = AppIcon;
				CODE_SIGN_STYLE = Automatic;
				DEVELOPMENT_TEAM = 5V2UR6Y3A9;
				INFOPLIST_FILE = ForecastApp/Info.plist;
				IPHONEOS_DEPLOYMENT_TARGET = 11.0;
				LD_RUNPATH_SEARCH_PATHS = (
					"$(inherited)",
					"@executable_path/Frameworks",
				);
				PRODUCT_BUNDLE_IDENTIFIER = com.bohdan.dankovych.ForecastApp;
				PRODUCT_NAME = "$(TARGET_NAME)";
				SWIFT_VERSION = 4.2;
				TARGETED_DEVICE_FAMILY = "1,2";
			};
			name = Release;
		};
/* End XCBuildConfiguration section */

/* Begin XCConfigurationList section */
		3DEAB58921A1A00900A0023C /* Build configuration list for PBXProject "ForecastApp" */ = {
			isa = XCConfigurationList;
			buildConfigurations = (
				3DEAB5A121A1A00C00A0023C /* Debug */,
				3DEAB5A221A1A00C00A0023C /* Release */,
			);
			defaultConfigurationIsVisible = 0;
			defaultConfigurationName = Release;
		};
		3DEAB5A321A1A00C00A0023C /* Build configuration list for PBXNativeTarget "ForecastApp" */ = {
			isa = XCConfigurationList;
			buildConfigurations = (
				3DEAB5A421A1A00C00A0023C /* Debug */,
				3DEAB5A521A1A00C00A0023C /* Release */,
			);
			defaultConfigurationIsVisible = 0;
			defaultConfigurationName = Release;
		};
/* End XCConfigurationList section */

/* Begin XCVersionGroup section */
		3DEAB59821A1A00900A0023C /* ForecastApp.xcdatamodeld */ = {
			isa = XCVersionGroup;
			children = (
				3DEAB59921A1A00900A0023C /* ForecastApp.xcdatamodel */,
			);
			currentVersion = 3DEAB59921A1A00900A0023C /* ForecastApp.xcdatamodel */;
			path = ForecastApp.xcdatamodeld;
			sourceTree = "<group>";
			versionGroupType = wrapper.xcdatamodel;
		};
/* End XCVersionGroup section */
	};
	rootObject = 3DEAB58621A1A00900A0023C /* Project object */;
}
